
Microsoft Visual Studio Solution File, Format Version 12.00
# Visual Studio Version 17
VisualStudioVersion = 17.7.34024.191
MinimumVisualStudioVersion = 10.0.40219.1
Project("{FAE04EC0-301F-11D3-BF4B-00C04F79EFBC}") = "Telas.Android", "Telas.Android\Telas.Android.csproj", "{3A903306-0FE0-419A-BB8D-C05D3D1DAEF2}"
EndProject
Project("{FAE04EC0-301F-11D3-BF4B-00C04F79EFBC}") = "Telas", "Telas\Telas.csproj", "{05BC2EB9-96CC-4FF3-9C0C-8397245A5A02}"
EndProject
Global
	GlobalSection(SolutionConfigurationPlatforms) = preSolution
		Debug|Any CPU = Debug|Any CPU
		Release|Any CPU = Release|Any CPU
	EndGlobalSection
	GlobalSection(ProjectConfigurationPlatforms) = postSolution
		{3A903306-0FE0-419A-BB8D-C05D3D1DAEF2}.Debug|Any CPU.ActiveCfg = Debug|Any CPU
		{3A903306-0FE0-419A-BB8D-C05D3D1DAEF2}.Debug|Any CPU.Build.0 = Debug|Any CPU
		{3A903306-0FE0-419A-BB8D-C05D3D1DAEF2}.Debug|Any CPU.Deploy.0 = Debug|Any CPU
		{3A903306-0FE0-419A-BB8D-C05D3D1DAEF2}.Release|Any CPU.ActiveCfg = Release|Any CPU
		{3A903306-0FE0-419A-BB8D-C05D3D1DAEF2}.Release|Any CPU.Build.0 = Release|Any CPU
		{3A903306-0FE0-419A-BB8D-C05D3D1DAEF2}.Release|Any CPU.Deploy.0 = Release|Any CPU
		{05BC2EB9-96CC-4FF3-9C0C-8397245A5A02}.Debug|Any CPU.ActiveCfg = Debug|Any CPU
		{05BC2EB9-96CC-4FF3-9C0C-8397245A5A02}.Debug|Any CPU.Build.0 = Debug|Any CPU
		{05BC2EB9-96CC-4FF3-9C0C-8397245A5A02}.Debug|Any CPU.Deploy.0 = Debug|Any CPU
		{05BC2EB9-96CC-4FF3-9C0C-8397245A5A02}.Release|Any CPU.ActiveCfg = Release|Any CPU
		{05BC2EB9-96CC-4FF3-9C0C-8397245A5A02}.Release|Any CPU.Build.0 = Release|Any CPU
		{05BC2EB9-96CC-4FF3-9C0C-8397245A5A02}.Release|Any CPU.Deploy.0 = Release|Any CPU
	EndGlobalSection
	GlobalSection(SolutionProperties) = preSolution
		HideSolutionNode = FALSE
	EndGlobalSection
	GlobalSection(ExtensibilityGlobals) = postSolution
		SolutionGuid = {D6EF2A48-53ED-4968-B391-E5ACB7CBDC38}
	EndGlobalSection
EndGlobal
