
Microsoft Visual Studio Solution File, Format Version 12.00
# Visual Studio Version 17
VisualStudioVersion = 17.8.34408.163
MinimumVisualStudioVersion = 10.0.40219.1
Project("{FAE04EC0-301F-11D3-BF4B-00C04F79EFBC}") = "desktop2020", "desktop2020\desktop2020.csproj", "{AA5FAA3D-1642-491F-9D23-EBF9025479F3}"
EndProject
Global
	GlobalSection(SolutionConfigurationPlatforms) = preSolution
		Debug|Any CPU = Debug|Any CPU
		Release|Any CPU = Release|Any CPU
	EndGlobalSection
	GlobalSection(ProjectConfigurationPlatforms) = postSolution
		{AA5FAA3D-1642-491F-9D23-EBF9025479F3}.Debug|Any CPU.ActiveCfg = Debug|Any CPU
		{AA5FAA3D-1642-491F-9D23-EBF9025479F3}.Debug|Any CPU.Build.0 = Debug|Any CPU
		{AA5FAA3D-1642-491F-9D23-EBF9025479F3}.Release|Any CPU.ActiveCfg = Release|Any CPU
		{AA5FAA3D-1642-491F-9D23-EBF9025479F3}.Release|Any CPU.Build.0 = Release|Any CPU
	EndGlobalSection
	GlobalSection(SolutionProperties) = preSolution
		HideSolutionNode = FALSE
	EndGlobalSection
	GlobalSection(ExtensibilityGlobals) = postSolution
		SolutionGuid = {681D4627-C01F-45EC-8C98-62730C8BE365}
	EndGlobalSection
EndGlobal
