
Microsoft Visual Studio Solution File, Format Version 12.00
# Visual Studio Version 17
VisualStudioVersion = 17.7.34024.191
MinimumVisualStudioVersion = 10.0.40219.1
Project("{FAE04EC0-301F-11D3-BF4B-00C04F79EFBC}") = "wsTower.Android", "wsTower.Android\wsTower.Android.csproj", "{2AD3A0F3-798B-48D2-8904-8445B53A5075}"
EndProject
Project("{FAE04EC0-301F-11D3-BF4B-00C04F79EFBC}") = "wsTower.iOS", "wsTower.iOS\wsTower.iOS.csproj", "{863A62CD-8467-4DC5-B676-A81983E8819B}"
EndProject
Project("{FAE04EC0-301F-11D3-BF4B-00C04F79EFBC}") = "wsTower", "wsTower\wsTower.csproj", "{5F2D2A2A-7CA4-4B1E-86EA-BF3E8C6E77A4}"
EndProject
Global
	GlobalSection(SolutionConfigurationPlatforms) = preSolution
		Debug|Any CPU = Debug|Any CPU
		Debug|iPhone = Debug|iPhone
		Debug|iPhoneSimulator = Debug|iPhoneSimulator
		Release|Any CPU = Release|Any CPU
		Release|iPhone = Release|iPhone
		Release|iPhoneSimulator = Release|iPhoneSimulator
	EndGlobalSection
	GlobalSection(ProjectConfigurationPlatforms) = postSolution
		{2AD3A0F3-798B-48D2-8904-8445B53A5075}.Debug|Any CPU.ActiveCfg = Debug|Any CPU
		{2AD3A0F3-798B-48D2-8904-8445B53A5075}.Debug|Any CPU.Build.0 = Debug|Any CPU
		{2AD3A0F3-798B-48D2-8904-8445B53A5075}.Debug|Any CPU.Deploy.0 = Debug|Any CPU
		{2AD3A0F3-798B-48D2-8904-8445B53A5075}.Debug|iPhone.ActiveCfg = Debug|Any CPU
		{2AD3A0F3-798B-48D2-8904-8445B53A5075}.Debug|iPhone.Build.0 = Debug|Any CPU
		{2AD3A0F3-798B-48D2-8904-8445B53A5075}.Debug|iPhone.Deploy.0 = Debug|Any CPU
		{2AD3A0F3-798B-48D2-8904-8445B53A5075}.Debug|iPhoneSimulator.ActiveCfg = Debug|Any CPU
		{2AD3A0F3-798B-48D2-8904-8445B53A5075}.Debug|iPhoneSimulator.Build.0 = Debug|Any CPU
		{2AD3A0F3-798B-48D2-8904-8445B53A5075}.Debug|iPhoneSimulator.Deploy.0 = Debug|Any CPU
		{2AD3A0F3-798B-48D2-8904-8445B53A5075}.Release|Any CPU.ActiveCfg = Release|Any CPU
		{2AD3A0F3-798B-48D2-8904-8445B53A5075}.Release|Any CPU.Build.0 = Release|Any CPU
		{2AD3A0F3-798B-48D2-8904-8445B53A5075}.Release|Any CPU.Deploy.0 = Release|Any CPU
		{2AD3A0F3-798B-48D2-8904-8445B53A5075}.Release|iPhone.ActiveCfg = Release|Any CPU
		{2AD3A0F3-798B-48D2-8904-8445B53A5075}.Release|iPhone.Build.0 = Release|Any CPU
		{2AD3A0F3-798B-48D2-8904-8445B53A5075}.Release|iPhone.Deploy.0 = Release|Any CPU
		{2AD3A0F3-798B-48D2-8904-8445B53A5075}.Release|iPhoneSimulator.ActiveCfg = Release|Any CPU
		{2AD3A0F3-798B-48D2-8904-8445B53A5075}.Release|iPhoneSimulator.Build.0 = Release|Any CPU
		{2AD3A0F3-798B-48D2-8904-8445B53A5075}.Release|iPhoneSimulator.Deploy.0 = Release|Any CPU
		{863A62CD-8467-4DC5-B676-A81983E8819B}.Debug|Any CPU.ActiveCfg = Debug|iPhone
		{863A62CD-8467-4DC5-B676-A81983E8819B}.Debug|Any CPU.Build.0 = Debug|iPhone
		{863A62CD-8467-4DC5-B676-A81983E8819B}.Debug|Any CPU.Deploy.0 = Debug|iPhone
		{863A62CD-8467-4DC5-B676-A81983E8819B}.Debug|iPhone.ActiveCfg = Debug|iPhone
		{863A62CD-8467-4DC5-B676-A81983E8819B}.Debug|iPhone.Build.0 = Debug|iPhone
		{863A62CD-8467-4DC5-B676-A81983E8819B}.Debug|iPhone.Deploy.0 = Debug|iPhone
		{863A62CD-8467-4DC5-B676-A81983E8819B}.Debug|iPhoneSimulator.ActiveCfg = Debug|iPhoneSimulator
		{863A62CD-8467-4DC5-B676-A81983E8819B}.Debug|iPhoneSimulator.Build.0 = Debug|iPhoneSimulator
		{863A62CD-8467-4DC5-B676-A81983E8819B}.Debug|iPhoneSimulator.Deploy.0 = Debug|iPhoneSimulator
		{863A62CD-8467-4DC5-B676-A81983E8819B}.Release|Any CPU.ActiveCfg = Release|iPhoneSimulator
		{863A62CD-8467-4DC5-B676-A81983E8819B}.Release|Any CPU.Build.0 = Release|iPhoneSimulator
		{863A62CD-8467-4DC5-B676-A81983E8819B}.Release|Any CPU.Deploy.0 = Release|iPhoneSimulator
		{863A62CD-8467-4DC5-B676-A81983E8819B}.Release|iPhone.ActiveCfg = Release|iPhone
		{863A62CD-8467-4DC5-B676-A81983E8819B}.Release|iPhone.Build.0 = Release|iPhone
		{863A62CD-8467-4DC5-B676-A81983E8819B}.Release|iPhone.Deploy.0 = Release|iPhone
		{863A62CD-8467-4DC5-B676-A81983E8819B}.Release|iPhoneSimulator.ActiveCfg = Release|iPhoneSimulator
		{863A62CD-8467-4DC5-B676-A81983E8819B}.Release|iPhoneSimulator.Build.0 = Release|iPhoneSimulator
		{863A62CD-8467-4DC5-B676-A81983E8819B}.Release|iPhoneSimulator.Deploy.0 = Release|iPhoneSimulator
		{5F2D2A2A-7CA4-4B1E-86EA-BF3E8C6E77A4}.Debug|Any CPU.ActiveCfg = Debug|Any CPU
		{5F2D2A2A-7CA4-4B1E-86EA-BF3E8C6E77A4}.Debug|Any CPU.Build.0 = Debug|Any CPU
		{5F2D2A2A-7CA4-4B1E-86EA-BF3E8C6E77A4}.Debug|Any CPU.Deploy.0 = Debug|Any CPU
		{5F2D2A2A-7CA4-4B1E-86EA-BF3E8C6E77A4}.Debug|iPhone.ActiveCfg = Debug|Any CPU
		{5F2D2A2A-7CA4-4B1E-86EA-BF3E8C6E77A4}.Debug|iPhone.Build.0 = Debug|Any CPU
		{5F2D2A2A-7CA4-4B1E-86EA-BF3E8C6E77A4}.Debug|iPhone.Deploy.0 = Debug|Any CPU
		{5F2D2A2A-7CA4-4B1E-86EA-BF3E8C6E77A4}.Debug|iPhoneSimulator.ActiveCfg = Debug|Any CPU
		{5F2D2A2A-7CA4-4B1E-86EA-BF3E8C6E77A4}.Debug|iPhoneSimulator.Build.0 = Debug|Any CPU
		{5F2D2A2A-7CA4-4B1E-86EA-BF3E8C6E77A4}.Debug|iPhoneSimulator.Deploy.0 = Debug|Any CPU
		{5F2D2A2A-7CA4-4B1E-86EA-BF3E8C6E77A4}.Release|Any CPU.ActiveCfg = Release|Any CPU
		{5F2D2A2A-7CA4-4B1E-86EA-BF3E8C6E77A4}.Release|Any CPU.Build.0 = Release|Any CPU
		{5F2D2A2A-7CA4-4B1E-86EA-BF3E8C6E77A4}.Release|Any CPU.Deploy.0 = Release|Any CPU
		{5F2D2A2A-7CA4-4B1E-86EA-BF3E8C6E77A4}.Release|iPhone.ActiveCfg = Release|Any CPU
		{5F2D2A2A-7CA4-4B1E-86EA-BF3E8C6E77A4}.Release|iPhone.Build.0 = Release|Any CPU
		{5F2D2A2A-7CA4-4B1E-86EA-BF3E8C6E77A4}.Release|iPhone.Deploy.0 = Release|Any CPU
		{5F2D2A2A-7CA4-4B1E-86EA-BF3E8C6E77A4}.Release|iPhoneSimulator.ActiveCfg = Release|Any CPU
		{5F2D2A2A-7CA4-4B1E-86EA-BF3E8C6E77A4}.Release|iPhoneSimulator.Build.0 = Release|Any CPU
		{5F2D2A2A-7CA4-4B1E-86EA-BF3E8C6E77A4}.Release|iPhoneSimulator.Deploy.0 = Release|Any CPU
	EndGlobalSection
	GlobalSection(SolutionProperties) = preSolution
		HideSolutionNode = FALSE
	EndGlobalSection
	GlobalSection(ExtensibilityGlobals) = postSolution
		SolutionGuid = {9B1614D3-4938-466C-B84A-C30263356F80}
	EndGlobalSection
EndGlobal
