
Microsoft Visual Studio Solution File, Format Version 12.00
# Visual Studio Version 17
VisualStudioVersion = 17.7.34024.191
MinimumVisualStudioVersion = 10.0.40219.1
Project("{FAE04EC0-301F-11D3-BF4B-00C04F79EFBC}") = "WebApplication1", "WebApplication1.csproj", "{598E6891-8A5C-4942-A47F-B1A1BEFC59BE}"
EndProject
Global
	GlobalSection(SolutionConfigurationPlatforms) = preSolution
		Debug|Any CPU = Debug|Any CPU
		Release|Any CPU = Release|Any CPU
	EndGlobalSection
	GlobalSection(ProjectConfigurationPlatforms) = postSolution
		{598E6891-8A5C-4942-A47F-B1A1BEFC59BE}.Debug|Any CPU.ActiveCfg = Debug|Any CPU
		{598E6891-8A5C-4942-A47F-B1A1BEFC59BE}.Debug|Any CPU.Build.0 = Debug|Any CPU
		{598E6891-8A5C-4942-A47F-B1A1BEFC59BE}.Release|Any CPU.ActiveCfg = Release|Any CPU
		{598E6891-8A5C-4942-A47F-B1A1BEFC59BE}.Release|Any CPU.Build.0 = Release|Any CPU
	EndGlobalSection
	GlobalSection(SolutionProperties) = preSolution
		HideSolutionNode = FALSE
	EndGlobalSection
	GlobalSection(ExtensibilityGlobals) = postSolution
		SolutionGuid = {9F46B9CD-4249-445F-A45A-F6E6003005F6}
	EndGlobalSection
EndGlobal
